
Microsoft Visual Studio Solution File, Format Version 12.00
# Visual Studio Version 16
VisualStudioVersion = 16.0.29009.5
MinimumVisualStudioVersion = 10.0.40219.1
Project("{FAE04EC0-301F-11D3-BF4B-00C04F79EFBC}") = "TimerEventExample", "TimerEventExample\TimerEventExample.csproj", "{B8B0F548-6C2F-49E0-9797-0331CCF14104}"
EndProject
Global
	GlobalSection(SolutionConfigurationPlatforms) = preSolution
		Debug|Any CPU = Debug|Any CPU
		Release|Any CPU = Release|Any CPU
	EndGlobalSection
	GlobalSection(ProjectConfigurationPlatforms) = postSolution
		{B8B0F548-6C2F-49E0-9797-0331CCF14104}.Debug|Any CPU.ActiveCfg = Debug|Any CPU
		{B8B0F548-6C2F-49E0-9797-0331CCF14104}.Debug|Any CPU.Build.0 = Debug|Any CPU
		{B8B0F548-6C2F-49E0-9797-0331CCF14104}.Release|Any CPU.ActiveCfg = Release|Any CPU
		{B8B0F548-6C2F-49E0-9797-0331CCF14104}.Release|Any CPU.Build.0 = Release|Any CPU
	EndGlobalSection
	GlobalSection(SolutionProperties) = preSolution
		HideSolutionNode = FALSE
	EndGlobalSection
	GlobalSection(ExtensibilityGlobals) = postSolution
		SolutionGuid = {FE93A10A-F5BC-4875-87FB-582A8601EC84}
	EndGlobalSection
EndGlobal
